
Microsoft Visual Studio Solution File, Format Version 12.00
# Visual Studio Version 17
VisualStudioVersion = 17.9.34728.123
MinimumVisualStudioVersion = 10.0.40219.1
Project("{9A19103F-16F7-4668-BE54-9A1E7A4F7556}") = "CourseApp", "CourseApp\CourseApp.csproj", "{88F50491-B56D-4B7B-B04C-F1035302817E}"
EndProject
Global
	GlobalSection(SolutionConfigurationPlatforms) = preSolution
		Debug|Any CPU = Debug|Any CPU
		Release|Any CPU = Release|Any CPU
	EndGlobalSection
	GlobalSection(ProjectConfigurationPlatforms) = postSolution
		{88F50491-B56D-4B7B-B04C-F1035302817E}.Debug|Any CPU.ActiveCfg = Debug|Any CPU
		{88F50491-B56D-4B7B-B04C-F1035302817E}.Debug|Any CPU.Build.0 = Debug|Any CPU
		{88F50491-B56D-4B7B-B04C-F1035302817E}.Release|Any CPU.ActiveCfg = Release|Any CPU
		{88F50491-B56D-4B7B-B04C-F1035302817E}.Release|Any CPU.Build.0 = Release|Any CPU
	EndGlobalSection
	GlobalSection(SolutionProperties) = preSolution
		HideSolutionNode = FALSE
	EndGlobalSection
	GlobalSection(ExtensibilityGlobals) = postSolution
		SolutionGuid = {935E16F6-0CEB-4FC7-BB12-918B76DB7C6E}
	EndGlobalSection
EndGlobal
